
Microsoft Visual Studio Solution File, Format Version 12.00
# Visual Studio Version 17
VisualStudioVersion = 17.11.35219.272
MinimumVisualStudioVersion = 10.0.40219.1
Project("{FAE04EC0-301F-11D3-BF4B-00C04F79EFBC}") = "Uppgifter", "Uppgifter\Uppgifter.csproj", "{762AA1CF-312A-4DC8-9534-257C3012389D}"
EndProject
Global
	GlobalSection(SolutionConfigurationPlatforms) = preSolution
		Debug|Any CPU = Debug|Any CPU
		Release|Any CPU = Release|Any CPU
	EndGlobalSection
	GlobalSection(ProjectConfigurationPlatforms) = postSolution
		{762AA1CF-312A-4DC8-9534-257C3012389D}.Debug|Any CPU.ActiveCfg = Debug|Any CPU
		{762AA1CF-312A-4DC8-9534-257C3012389D}.Debug|Any CPU.Build.0 = Debug|Any CPU
		{762AA1CF-312A-4DC8-9534-257C3012389D}.Release|Any CPU.ActiveCfg = Release|Any CPU
		{762AA1CF-312A-4DC8-9534-257C3012389D}.Release|Any CPU.Build.0 = Release|Any CPU
	EndGlobalSection
	GlobalSection(SolutionProperties) = preSolution
		HideSolutionNode = FALSE
	EndGlobalSection
	GlobalSection(ExtensibilityGlobals) = postSolution
		SolutionGuid = {CF8A663A-19E9-4E64-A164-253AD5853DEC}
	EndGlobalSection
EndGlobal
